
Microsoft Visual Studio Solution File, Format Version 12.00
# Visual Studio 15
VisualStudioVersion = 15.0.28307.421
MinimumVisualStudioVersion = 10.0.40219.1
Project("{8BC9CEB8-8B4A-11D0-8D11-00A0C91BC942}") = "NaiveApproach", "NaiveApproach\NaiveApproach.vcxproj", "{67AE3ABD-0D7F-4775-A15B-F1BC4E86245E}"
EndProject
Project("{8BC9CEB8-8B4A-11D0-8D11-00A0C91BC942}") = "AdvancedApproach", "AdvancedApproach\AdvancedApproach.vcxproj", "{7B3C19F2-C816-4F08-835D-74BB1E2D055B}"
EndProject
Global
	GlobalSection(SolutionConfigurationPlatforms) = preSolution
		Debug|x64 = Debug|x64
		Debug|x86 = Debug|x86
		Release|x64 = Release|x64
		Release|x86 = Release|x86
	EndGlobalSection
	GlobalSection(ProjectConfigurationPlatforms) = postSolution
		{67AE3ABD-0D7F-4775-A15B-F1BC4E86245E}.Debug|x64.ActiveCfg = Debug|x64
		{67AE3ABD-0D7F-4775-A15B-F1BC4E86245E}.Debug|x64.Build.0 = Debug|x64
		{67AE3ABD-0D7F-4775-A15B-F1BC4E86245E}.Debug|x86.ActiveCfg = Debug|Win32
		{67AE3ABD-0D7F-4775-A15B-F1BC4E86245E}.Debug|x86.Build.0 = Debug|Win32
		{67AE3ABD-0D7F-4775-A15B-F1BC4E86245E}.Release|x64.ActiveCfg = Release|x64
		{67AE3ABD-0D7F-4775-A15B-F1BC4E86245E}.Release|x64.Build.0 = Release|x64
		{67AE3ABD-0D7F-4775-A15B-F1BC4E86245E}.Release|x86.ActiveCfg = Release|Win32
		{67AE3ABD-0D7F-4775-A15B-F1BC4E86245E}.Release|x86.Build.0 = Release|Win32
		{7B3C19F2-C816-4F08-835D-74BB1E2D055B}.Debug|x64.ActiveCfg = Debug|x64
		{7B3C19F2-C816-4F08-835D-74BB1E2D055B}.Debug|x64.Build.0 = Debug|x64
		{7B3C19F2-C816-4F08-835D-74BB1E2D055B}.Debug|x86.ActiveCfg = Debug|Win32
		{7B3C19F2-C816-4F08-835D-74BB1E2D055B}.Debug|x86.Build.0 = Debug|Win32
		{7B3C19F2-C816-4F08-835D-74BB1E2D055B}.Release|x64.ActiveCfg = Release|x64
		{7B3C19F2-C816-4F08-835D-74BB1E2D055B}.Release|x64.Build.0 = Release|x64
		{7B3C19F2-C816-4F08-835D-74BB1E2D055B}.Release|x86.ActiveCfg = Release|Win32
		{7B3C19F2-C816-4F08-835D-74BB1E2D055B}.Release|x86.Build.0 = Release|Win32
	EndGlobalSection
	GlobalSection(SolutionProperties) = preSolution
		HideSolutionNode = FALSE
	EndGlobalSection
	GlobalSection(ExtensibilityGlobals) = postSolution
		SolutionGuid = {5F7B3814-5A15-4AA5-B501-1968E5BA1F02}
	EndGlobalSection
EndGlobal
